{
    "_meta": {
        "hash": {
            "sha256": "aae29e0dfb3d98ee7e5d9a2988b579dea5cd0a402bff1ad8663635bd3858a248"
        },
        "pipfile-spec": 6,
        "requires": {
            "python_version": "3.9"
        },
        "sources": [
            {
                "name": "pypi",
                "url": "https://pypi.org/simple",
                "verify_ssl": true
            }
        ]
    },
    "default": {
        "cvxopt": {
            "hashes": [
                "sha256:0b335bf18f7e42326105f9090e5bb7bbdecfce3c3b4c612ca4e538b00383e937",
                "sha256:0cd32bed5fec871d36d32f0a86c927e2837b9c60fc23b6f777108c3a95f248e5",
                "sha256:1e76dabd13377f6876073041beee67e4613879a1ac6a572a9254aafa8ca7f7fe",
                "sha256:2bac183859127ebc473b9bc66be17c0dbc8a3c8bd0939d460cfe6d141bc545db",
                "sha256:368caf7d2130670e6e48af0d611ae41713a98d7643f7d64a6aeabefad50e76c4",
                "sha256:3eb14814b7b79f765e107c50b0961e71d47a36a760ccf3f1fde2ca65d75a9f11",
                "sha256:5980abb9a7e43a072dfd95e7c542e43afc2cb487f11000e33be2854dafcf15fe",
                "sha256:5f2e9e308d931bd52f4dbb55073edebd03073e5f1627f82959da4b95321f89dd",
                "sha256:6ab795743b0e42529d015b889576783a1264e6056417f54870c42db191482065",
                "sha256:6e05d9f541368950bfb7b0ab1f648087397a60728fd4699fe29e90462931ac39",
                "sha256:7cd9f1c8404ed507257550f485b3394b1a38087da4ff70032dca964a73e138f3",
                "sha256:7db648536ecef417df42108b7b779891946a6cc791b74e843d23d846c5576d1a",
                "sha256:95b2cd31d57341279e98888479c71496529eade2eccf5582e671ce96ef575c38",
                "sha256:97f7624837bd2e072bd909d4c53155b13a427dac6e0c2ea3d5e471443c289489",
                "sha256:a4c433706fd0ad9d47e7f222773a7f7601766fb8e74b633524b3c3fce29aa73e",
                "sha256:b5b2288a467c0c3996899c10783c8d78878aeb01d43a66697e9993ff76ac5cae",
                "sha256:b7a9ee4d3ecdd0f2a190e935613073c15594b52f581e0327ba4e869277f793f7",
                "sha256:ba75971b78777ec10361de81a1feb6f27757b505054dbe3cfde5a4f19cccbe2e",
                "sha256:c420cf196c8d2733022f29e77ace46871b82f2f2a25edcb585a20c0c76bec02d",
                "sha256:c57d7d2347ba98432a2ed5af3169026db6d191274c49fccb5357a7cdfb410e5b",
                "sha256:d505932dfe734ff14ee0c3c04fc5618bb7cc744f59e0edfed4a8851deab8ee42",
                "sha256:edae9dafec8f52594ae6312b9ff811ad10d0504ca935e09aa66a309e6d7c2397",
                "sha256:f343ddd406caec05408d007e313022a073a7466c0356ac96e20256d0b542916b",
                "sha256:fa5568d4d64e4cc24da4094c0066c67308e805287a742ad298f122f0cad360ca",
                "sha256:fb1149e2764e5284b560434cbc5ee7e60199fc7eaf850d5ba26d02fbc24d4006",
                "sha256:fdeb3ce110708229ee4acbd4c894ffe031e2dafb2ba6469068fed0cc20671b89"
            ],
            "index": "pypi",
            "version": "==1.2.6"
        },
        "numpy": {
            "hashes": [
                "sha256:01721eefe70544d548425a07c80be8377096a54118070b8a62476866d5208e33",
                "sha256:0318c465786c1f63ac05d7c4dbcecd4d2d7e13f0959b01b534ea1e92202235c5",
                "sha256:05a0f648eb28bae4bcb204e6fd14603de2908de982e761a2fc78efe0f19e96e1",
                "sha256:1412aa0aec3e00bc23fbb8664d76552b4efde98fb71f60737c83efbac24112f1",
                "sha256:25b40b98ebdd272bc3020935427a4530b7d60dfbe1ab9381a39147834e985eac",
                "sha256:2d4d1de6e6fb3d28781c73fbde702ac97f03d79e4ffd6598b880b2d95d62ead4",
                "sha256:38e8648f9449a549a7dfe8d8755a5979b45b3538520d1e735637ef28e8c2dc50",
                "sha256:4a3d5fb89bfe21be2ef47c0614b9c9c707b7362386c9a3ff1feae63e0267ccb6",
                "sha256:635e6bd31c9fb3d475c8f44a089569070d10a9ef18ed13738b03049280281267",
                "sha256:73101b2a1fef16602696d133db402a7e7586654682244344b8329cdcbbb82172",
                "sha256:791492091744b0fe390a6ce85cc1bf5149968ac7d5f0477288f78c89b385d9af",
                "sha256:7a708a79c9a9d26904d1cca8d383bf869edf6f8e7650d85dbc77b041e8c5a0f8",
                "sha256:88c0b89ad1cc24a5efbb99ff9ab5db0f9a86e9cc50240177a571fbe9c2860ac2",
                "sha256:8a326af80e86d0e9ce92bcc1e65c8ff88297de4fa14ee936cb2293d414c9ec63",
                "sha256:8a92c5aea763d14ba9d6475803fc7904bda7decc2a0a68153f587ad82941fec1",
                "sha256:91c6f5fc58df1e0a3cc0c3a717bb3308ff850abdaa6d2d802573ee2b11f674a8",
                "sha256:95b995d0c413f5d0428b3f880e8fe1660ff9396dcd1f9eedbc311f37b5652e16",
                "sha256:9749a40a5b22333467f02fe11edc98f022133ee1bfa8ab99bda5e5437b831214",
                "sha256:978010b68e17150db8765355d1ccdd450f9fc916824e8c4e35ee620590e234cd",
                "sha256:9a513bd9c1551894ee3d31369f9b07460ef223694098cf27d399513415855b68",
                "sha256:a75b4498b1e93d8b700282dc8e655b8bd559c0904b3910b144646dbbbc03e062",
                "sha256:c6a2324085dd52f96498419ba95b5777e40b6bcbc20088fddb9e8cbb58885e8e",
                "sha256:d7a4aeac3b94af92a9373d6e77b37691b86411f9745190d2c351f410ab3a791f",
                "sha256:d9e7912a56108aba9b31df688a4c4f5cb0d9d3787386b87d504762b6754fbb1b",
                "sha256:dff4af63638afcc57a3dfb9e4b26d434a7a602d225b42d746ea7fe2edf1342fd",
                "sha256:e46ceaff65609b5399163de5893d8f2a82d3c77d5e56d976c8b5fb01faa6b671",
                "sha256:f01f28075a92eede918b965e86e8f0ba7b7797a95aa8d35e1cc8821f5fc3ad6a",
                "sha256:fd7d7409fa643a91d0a05c7554dd68aa9c9bb16e186f6ccfe40d6e003156e33a"
            ],
            "index": "pypi",
            "version": "==1.21.1"
        }
    },
    "develop": {}
}
